
Microsoft Visual Studio Solution File, Format Version 12.00
# Visual Studio Version 17
VisualStudioVersion = 17.3.32825.248
MinimumVisualStudioVersion = 10.0.40219.1
Project("{FAE04EC0-301F-11D3-BF4B-00C04F79EFBC}") = "TestConsoleApp2", "TestConsoleApp2\TestConsoleApp2.csproj", "{64CE12D0-0DED-41AE-B323-AFF2A98BBCF3}"
EndProject
Project("{FAE04EC0-301F-11D3-BF4B-00C04F79EFBC}") = "TestProject1", "TestProject1\TestProject1.csproj", "{853834FD-DF14-46D5-873D-23C5399B8B8C}"
EndProject
Global
	GlobalSection(SolutionConfigurationPlatforms) = preSolution
		Debug|Any CPU = Debug|Any CPU
		Release|Any CPU = Release|Any CPU
	EndGlobalSection
	GlobalSection(ProjectConfigurationPlatforms) = postSolution
		{64CE12D0-0DED-41AE-B323-AFF2A98BBCF3}.Debug|Any CPU.ActiveCfg = Debug|Any CPU
		{64CE12D0-0DED-41AE-B323-AFF2A98BBCF3}.Debug|Any CPU.Build.0 = Debug|Any CPU
		{64CE12D0-0DED-41AE-B323-AFF2A98BBCF3}.Release|Any CPU.ActiveCfg = Release|Any CPU
		{64CE12D0-0DED-41AE-B323-AFF2A98BBCF3}.Release|Any CPU.Build.0 = Release|Any CPU
		{853834FD-DF14-46D5-873D-23C5399B8B8C}.Debug|Any CPU.ActiveCfg = Debug|Any CPU
		{853834FD-DF14-46D5-873D-23C5399B8B8C}.Debug|Any CPU.Build.0 = Debug|Any CPU
		{853834FD-DF14-46D5-873D-23C5399B8B8C}.Release|Any CPU.ActiveCfg = Release|Any CPU
		{853834FD-DF14-46D5-873D-23C5399B8B8C}.Release|Any CPU.Build.0 = Release|Any CPU
	EndGlobalSection
	GlobalSection(SolutionProperties) = preSolution
		HideSolutionNode = FALSE
	EndGlobalSection
	GlobalSection(ExtensibilityGlobals) = postSolution
		SolutionGuid = {27A83C38-5821-4633-897B-7051E745B94E}
	EndGlobalSection
EndGlobal
